{
  "lockfileVersion": 1,
  "workspaces": {
    "": {
      "name": "hyli-wallet-script",
      "dependencies": {
        "buffer": "^6.0.3",
        "crypto-js": "^4.2.0",
        "elliptic": "^6.6.1",
        "hyli": "^0.4.1",
        "hyli-noir": "^0.1.0",
        "hyli-wallet": "^0.5.0",
        "js-sha3": "^0.9.3",
      },
      "devDependencies": {
        "@types/crypto-js": "^4.2.2",
        "@types/elliptic": "^6.4.18",
        "@types/node": "^20.0.0",
        "typescript": "^5.0.0",
      },
    },
  },
  "packages": {
    "@aztec/bb.js": ["@aztec/bb.js@0.82.2", "", { "dependencies": { "comlink": "^4.4.1", "commander": "^12.1.0", "debug": "^4.3.4", "fflate": "^0.8.0", "pako": "^2.1.0", "tslib": "^2.4.0" }, "bin": { "bb.js": "dest/node/main.js" } }, "sha512-MBOHFVHOtfsknyJ1IsHH30paYqf0qLwYkiDTPyH1/KtkMwemvo5VyIgY0Dsl81KQa388MzoKhC6qnaFgERiaog=="],

    "@noble/hashes": ["@noble/hashes@2.0.0", "", {}, "sha512-h8VUBlE8R42+XIDO229cgisD287im3kdY6nbNZJFjc6ZvKIXPYXe6Vc/t+kyjFdMFyt5JpapzTsEg8n63w5/lw=="],

    "@noir-lang/acvm_js": ["@noir-lang/acvm_js@1.0.0-beta.2", "", {}, "sha512-vZYidnNS0MGRddggrq73Te0MiOb7j7ehZwM5L0dbxGwG6RqUNU+RDjG/TE7VUHOOFkZGY20lQqjHY1mj4pOH2A=="],

    "@noir-lang/noir_js": ["@noir-lang/noir_js@1.0.0-beta.2", "", { "dependencies": { "@noir-lang/acvm_js": "1.0.0-beta.2", "@noir-lang/noirc_abi": "1.0.0-beta.2", "@noir-lang/types": "1.0.0-beta.2" } }, "sha512-CiHnU5H1tUQHoKheHh93Ss7DJificdjXFUUfdasjMd8lsCMCPqY/oUoG4FZjWb7mWT8h0d/qcpGKMbs1VkBThQ=="],

    "@noir-lang/noir_wasm": ["@noir-lang/noir_wasm@1.0.0-beta.2", "", { "dependencies": { "@noir-lang/types": "1.0.0-beta.2", "pako": "^2.1.0" } }, "sha512-B6zn1mgKBIDZE4nGvl6sOgErg7VsZOjP2D4FPHlHj4QF7h7ZbaISJ3+NM38FolaRkGEm2sSmSonaqKum0DchRA=="],

    "@noir-lang/noirc_abi": ["@noir-lang/noirc_abi@1.0.0-beta.2", "", { "dependencies": { "@noir-lang/types": "1.0.0-beta.2" } }, "sha512-8/Pc6C0IY4F3UCsubs96G4Nwalzo49TVW+2jej7uNaEJB7LCqbOk5G641XGcCV2McS7n7WbLt1eN3cKJrxUWrA=="],

    "@noir-lang/types": ["@noir-lang/types@1.0.0-beta.2", "", {}, "sha512-0CosvfeAhwjmEt5cwJtEbju+8itRpmOUOmyt6TUo6JcRxaR8d4A+7j0sOgGxs2KVqWnMi1akJdGodAu0e4H+1A=="],

    "@types/bn.js": ["@types/bn.js@5.2.0", "", { "dependencies": { "@types/node": "*" } }, "sha512-DLbJ1BPqxvQhIGbeu8VbUC1DiAiahHtAYvA0ZEAa4P31F7IaArc8z3C3BRQdWX4mtLQuABG4yzp76ZrS02Ui1Q=="],

    "@types/crypto-js": ["@types/crypto-js@4.2.2", "", {}, "sha512-sDOLlVbHhXpAUAL0YHDUUwDZf3iN4Bwi4W6a0W0b+QcAezUbRtH4FVb+9J4h+XFPW7l/gQ9F8qC7P+Ec4k8QVQ=="],

    "@types/elliptic": ["@types/elliptic@6.4.18", "", { "dependencies": { "@types/bn.js": "*" } }, "sha512-UseG6H5vjRiNpQvrhy4VF/JXdA3V/Fp5amvveaL+fs28BZ6xIKJBPnUPRlEaZpysD9MbpfaLi8lbl7PGUAkpWw=="],

    "@types/history": ["@types/history@4.7.11", "", {}, "sha512-qjDJRrmvBMiTx+jyLxvLfJU7UznFuokDv4f3WRuriHKERccVpFU+8XMQUAbDzoiJCsmexxRExQeMwwCdamSKDA=="],

    "@types/node": ["@types/node@20.19.16", "", { "dependencies": { "undici-types": "~6.21.0" } }, "sha512-VS6TTONVdgwJwtJr7U+ghEjpfmQdqehLLpg/iMYGOd1+ilaFjdBJwFuPggJ4EAYPDCzWfDUHoIxyVnu+tOWVuQ=="],

    "@types/react": ["@types/react@19.1.12", "", { "dependencies": { "csstype": "^3.0.2" } }, "sha512-cMoR+FoAf/Jyq6+Df2/Z41jISvGZZ2eTlnsaJRptmZ76Caldwy1odD4xTr/gNV9VLj0AWgg/nmkevIyUfIIq5w=="],

    "@types/react-router": ["@types/react-router@5.1.20", "", { "dependencies": { "@types/history": "^4.7.11", "@types/react": "*" } }, "sha512-jGjmu/ZqS7FjSH6owMcD5qpq19+1RS9DeVRqfl1FeBMxTDQAGwlMWOcs52NDoXaNKyG3d1cYQFMs9rCrb88o9Q=="],

    "@types/react-router-dom": ["@types/react-router-dom@5.3.3", "", { "dependencies": { "@types/history": "^4.7.11", "@types/react": "*", "@types/react-router": "*" } }, "sha512-kpqnYK4wcdm5UaWI3fLcELopqLrHgLqNsdpHauzlQktfkHL3npOSwtj1Uz9oKBAzs7lFtVkV8j83voAz2D8fhw=="],

    "base64-js": ["base64-js@1.5.1", "", {}, "sha512-AKpaYlHn8t4SVbOHCy+b5+KKgvR4vrsD8vbvrbiQJps7fKDTkjkDry6ji0rUJjC0kzbNePLwzxq8iypo41qeWA=="],

    "bn.js": ["bn.js@4.12.2", "", {}, "sha512-n4DSx829VRTRByMRGdjQ9iqsN0Bh4OolPsFnaZBLcbi8iXcB+kJ9s7EnRt4wILZNV3kPLHkRVfOc/HvhC3ovDw=="],

    "borsh": ["borsh@2.0.0", "", {}, "sha512-kc9+BgR3zz9+cjbwM8ODoUB4fs3X3I5A/HtX7LZKxCLaMrEeDFoBpnhZY//DTS1VZBSs6S5v46RZRbZjRFspEg=="],

    "borsher": ["borsher@3.6.0", "", { "dependencies": { "borsh": "^2.0.0", "buffer": "^6.0.3" } }, "sha512-FMMQST0PdrhernqtxHGvq9wIgV6rJkJecfVs7VhL5jYCFFLsXGMn/VtY0s5zotkKHrrdS5Np/DoL2FTR4cdoqw=="],

    "brorand": ["brorand@1.1.0", "", {}, "sha512-cKV8tMCEpQs4hK/ik71d6LrPOnpkpGBR0wzxqr68g2m/LB2GxVYQroAjMJZRVM1Y4BCjCKc3vAamxSzOY2RP+w=="],

    "buffer": ["buffer@6.0.3", "", { "dependencies": { "base64-js": "^1.3.1", "ieee754": "^1.2.1" } }, "sha512-FTiCpNxtwiZZHEZbcbTIcZjERVICn9yq/pDFkTl95/AxzD1naBctN7YO68riM/gLSDY7sdrMby8hofADYuuqOA=="],

    "comlink": ["comlink@4.4.2", "", {}, "sha512-OxGdvBmJuNKSCMO4NTl1L47VRp6xn2wG4F/2hYzB6tiCb709otOxtEYCSvK80PtjODfXXZu8ds+Nw5kVCjqd2g=="],

    "commander": ["commander@12.1.0", "", {}, "sha512-Vw8qHK3bZM9y/P10u3Vib8o/DdkvA2OtPtZvD871QKjy74Wj1WSKFILMPRPSdUSx5RFK1arlJzEtA4PkFgnbuA=="],

    "cookie": ["cookie@1.0.2", "", {}, "sha512-9Kr/j4O16ISv8zBBhJoi4bXOYNTkFLOqSL3UDB0njXxCXNezjeyVrJyGOWtgfs/q2km1gwBcfH8q1yEGoMYunA=="],

    "crypto-js": ["crypto-js@4.2.0", "", {}, "sha512-KALDyEYgpY+Rlob/iriUtjV6d5Eq+Y191A5g4UqLAi8CyGP9N1+FdVbkc1SxKc2r4YAYqG8JzO2KGL+AizD70Q=="],

    "csstype": ["csstype@3.1.3", "", {}, "sha512-M1uQkMl8rQK/szD0LNhtqxIPLpimGm8sOBwU7lLnCpSbTyY3yeU1Vc7l4KT5zT4s/yOxHH5O7tIuuLOCnLADRw=="],

    "debug": ["debug@4.4.1", "", { "dependencies": { "ms": "^2.1.3" } }, "sha512-KcKCqiftBJcZr++7ykoDIEwSa3XWowTfNPo92BYxjXiyYEVrUQh2aLyhxBCwww+heortUFxEJYcRzosstTEBYQ=="],

    "elliptic": ["elliptic@6.6.1", "", { "dependencies": { "bn.js": "^4.11.9", "brorand": "^1.1.0", "hash.js": "^1.0.0", "hmac-drbg": "^1.0.1", "inherits": "^2.0.4", "minimalistic-assert": "^1.0.1", "minimalistic-crypto-utils": "^1.0.1" } }, "sha512-RaddvvMatK2LJHqFJ+YA4WysVN5Ita9E35botqIYspQ4TkRAlCicdzKOjlyv/1Za5RyTNn7di//eEV0uTAfe3g=="],

    "fflate": ["fflate@0.8.2", "", {}, "sha512-cPJU47OaAoCbg0pBvzsgpTPhmhqI5eJjh/JIu8tPj5q+T7iLvW/JAYUqmE7KOB4R1ZyEhzBaIQpQpardBF5z8A=="],

    "hash.js": ["hash.js@1.1.7", "", { "dependencies": { "inherits": "^2.0.3", "minimalistic-assert": "^1.0.1" } }, "sha512-taOaskGt4z4SOANNseOviYDvjEJinIkRgmp7LbKP2YTTmVxWBl87s/uzK9r+44BclBSp2X7K1hqeNfz9JbBeXA=="],

    "hmac-drbg": ["hmac-drbg@1.0.1", "", { "dependencies": { "hash.js": "^1.0.3", "minimalistic-assert": "^1.0.0", "minimalistic-crypto-utils": "^1.0.1" } }, "sha512-Tti3gMqLdZfhOQY1Mzf/AanLiqh1WTiJgEj26ZuYQ9fbkLomzGchCws4FyrSd4VkpBfiNhaE1On+lOz894jvXg=="],

    "hyli": ["hyli@0.4.1", "", { "dependencies": { "borsher": "^3.6.0" } }, "sha512-WBBm8WaBixf8K4jzKtauyOIxJR0xUgxR8fpyMB9r3nfEvjoVNCP6QTEuFRHeXtEFNn4uFwpKrMQEKy0Vb6iOvQ=="],

    "hyli-noir": ["hyli-noir@0.1.0", "", { "dependencies": { "hyli": "^0.4.0" }, "peerDependencies": { "@aztec/bb.js": "0.82.2", "@noir-lang/noir_js": "1.0.0-beta.2", "@noir-lang/noir_wasm": "1.0.0-beta.2" } }, "sha512-ySwnuCS0oyMBfbOipUQBTeodl6E0dK9P6olbF9vDXcU2xVWCl+9gm4A985M2qwn1nKJbP4rRaViX73hvBM/UfQ=="],

    "hyli-wallet": ["hyli-wallet@0.5.0", "", { "dependencies": { "@noble/hashes": "^2.0.0", "@types/crypto-js": "^4.2.2", "@types/elliptic": "^6.4.18", "@types/react-router-dom": "^5.3.3", "crypto-js": "^4.2.0", "elliptic": "^6.6.1", "hyli": "^0.4.1", "js-sha3": "^0.9.3", "noir-jwt": "^0.4.5" }, "peerDependencies": { "hyli-noir": "^0.1.0", "react": "^19.1.0", "react-dom": "^19.1.0", "react-router-dom": "^7.6.1" } }, "sha512-tU/WfG0KIHNzhXCT3TAfiVCLnY0iG1Xg4P1cqIc5HHiaIwVFxUqjbkq3mjZrWkx/KwXxdzpyRMNirwFXpb8xwA=="],

    "ieee754": ["ieee754@1.2.1", "", {}, "sha512-dcyqhDvX1C46lXZcVqCpK+FtMRQVdIMN6/Df5js2zouUsqG7I6sFxitIC+7KYK29KdXOLHdu9zL4sFnoVQnqaA=="],

    "inherits": ["inherits@2.0.4", "", {}, "sha512-k/vGaX4/Yla3WzyMCvTQOXYeIHvqOKtnqBduzTHpzpQZzAskKMhZ2K+EnBiSM9zGSoIFeMpXKxa4dYeZIQqewQ=="],

    "js-sha3": ["js-sha3@0.9.3", "", {}, "sha512-BcJPCQeLg6WjEx3FE591wVAevlli8lxsxm9/FzV4HXkV49TmBH38Yvrpce6fjbADGMKFrBMGTqrVz3qPIZ88Gg=="],

    "minimalistic-assert": ["minimalistic-assert@1.0.1", "", {}, "sha512-UtJcAD4yEaGtjPezWuO9wC4nwUnVH/8/Im3yEHQP4b67cXlD/Qr9hdITCU1xDbSEXg2XKNaP8jsReV7vQd00/A=="],

    "minimalistic-crypto-utils": ["minimalistic-crypto-utils@1.0.1", "", {}, "sha512-JIYlbt6g8i5jKfJ3xz7rF0LXmv2TkDxBLUkiBeZ7bAx4GnnNMr8xFpGnOxn6GhTEHx3SjRrZEoU+j04prX1ktg=="],

    "ms": ["ms@2.1.3", "", {}, "sha512-6FlzubTLZG3J2a/NVCAleEhjzq5oxgHyaCU9yYXvcLsvoVaHJq/s5xXI6/XXP6tz7R9xAOtHnSO/tXtF3WRTlA=="],

    "noir-jwt": ["noir-jwt@0.4.5", "", {}, "sha512-7v3wj/Www6ebtkcjpDahCRMlCeAOHys1r0BPYBX45pJ1UiogXL3mNsWc2LPeKn7/2gw+nnF4D9liS9t21MiOjg=="],

    "pako": ["pako@2.1.0", "", {}, "sha512-w+eufiZ1WuJYgPXbV/PO3NCMEc3xqylkKHzp8bxp1uW4qaSNQUkwmLLEc3kKsfz8lpV1F8Ht3U1Cm+9Srog2ug=="],

    "react": ["react@19.1.1", "", {}, "sha512-w8nqGImo45dmMIfljjMwOGtbmC/mk4CMYhWIicdSflH91J9TyCyczcPFXJzrZ/ZXcgGRFeP6BU0BEJTw6tZdfQ=="],

    "react-dom": ["react-dom@19.1.1", "", { "dependencies": { "scheduler": "^0.26.0" }, "peerDependencies": { "react": "^19.1.1" } }, "sha512-Dlq/5LAZgF0Gaz6yiqZCf6VCcZs1ghAJyrsu84Q/GT0gV+mCxbfmKNoGRKBYMJ8IEdGPqu49YWXD02GCknEDkw=="],

    "react-router": ["react-router@7.8.2", "", { "dependencies": { "cookie": "^1.0.1", "set-cookie-parser": "^2.6.0" }, "peerDependencies": { "react": ">=18", "react-dom": ">=18" }, "optionalPeers": ["react-dom"] }, "sha512-7M2fR1JbIZ/jFWqelpvSZx+7vd7UlBTfdZqf6OSdF9g6+sfdqJDAWcak6ervbHph200ePlu+7G8LdoiC3ReyAQ=="],

    "react-router-dom": ["react-router-dom@7.8.2", "", { "dependencies": { "react-router": "7.8.2" }, "peerDependencies": { "react": ">=18", "react-dom": ">=18" } }, "sha512-Z4VM5mKDipal2jQ385H6UBhiiEDlnJPx6jyWsTYoZQdl5TrjxEV2a9yl3Fi60NBJxYzOTGTTHXPi0pdizvTwow=="],

    "scheduler": ["scheduler@0.26.0", "", {}, "sha512-NlHwttCI/l5gCPR3D1nNXtWABUmBwvZpEQiD4IXSbIDq8BzLIK/7Ir5gTFSGZDUu37K5cMNp0hFtzO38sC7gWA=="],

    "set-cookie-parser": ["set-cookie-parser@2.7.1", "", {}, "sha512-IOc8uWeOZgnb3ptbCURJWNjWUPcO3ZnTTdzsurqERrP6nPyv+paC55vJM0LpOlT2ne+Ix+9+CRG1MNLlyZ4GjQ=="],

    "tslib": ["tslib@2.8.1", "", {}, "sha512-oJFu94HQb+KVduSUQL7wnpmqnfmLsOA/nAh6b6EH0wCEoK0/mPeXU6c3wKDV83MkOuHPRHtSXKKU99IBazS/2w=="],

    "typescript": ["typescript@5.9.2", "", { "bin": { "tsc": "bin/tsc", "tsserver": "bin/tsserver" } }, "sha512-CWBzXQrc/qOkhidw1OzBTQuYRbfyxDXJMVJ1XNwUHGROVmuaeiEm3OslpZ1RV96d7SKKjZKrSJu3+t/xlw3R9A=="],

    "undici-types": ["undici-types@6.21.0", "", {}, "sha512-iwDZqg0QAGrg9Rav5H4n0M64c3mkR59cJ6wQp+7C4nI0gsmExaedaYLNO44eT4AtBBwjbTiGPMlt2Md0T9H9JQ=="],

    "@types/bn.js/@types/node": ["@types/node@24.3.0", "", { "dependencies": { "undici-types": "~7.10.0" } }, "sha512-aPTXCrfwnDLj4VvXrm+UUCQjNEvJgNA8s5F1cvwQU+3KNltTOkBm1j30uNLyqqPNe7gE3KFzImYoZEfLhp4Yow=="],

    "@types/bn.js/@types/node/undici-types": ["undici-types@7.10.0", "", {}, "sha512-t5Fy/nfn+14LuOc2KNYg75vZqClpAiqscVvMygNnlsHBFpSXdJaYtXMcdNLpl/Qvc3P2cB3s6lOV51nqsFq4ag=="],
  }
}
