{
  "name": "hyli-wallet-script",
  "version": "1.0.0",
  "lockfileVersion": 3,
  "requires": true,
  "packages": {
    "": {
      "name": "hyli-wallet-script",
      "version": "1.0.0",
      "license": "MIT",
      "dependencies": {
        "buffer": "^6.0.3",
        "crypto-js": "^4.2.0",
        "elliptic": "^6.6.1",
        "hyli": "^0.4.0",
        "hyli-check-secret": "^0.3.4",
        "js-sha3": "^0.9.3"
      },
      "devDependencies": {
        "@types/crypto-js": "^4.2.2",
        "@types/elliptic": "^6.4.18"
      }
    },
    "node_modules/@aztec/bb.js": {
      "version": "0.82.2",
      "resolved": "https://registry.npmjs.org/@aztec/bb.js/-/bb.js-0.82.2.tgz",
      "integrity": "sha512-MBOHFVHOtfsknyJ1IsHH30paYqf0qLwYkiDTPyH1/KtkMwemvo5VyIgY0Dsl81KQa388MzoKhC6qnaFgERiaog==",
      "license": "MIT",
      "peer": true,
      "dependencies": {
        "comlink": "^4.4.1",
        "commander": "^12.1.0",
        "debug": "^4.3.4",
        "fflate": "^0.8.0",
        "pako": "^2.1.0",
        "tslib": "^2.4.0"
      },
      "bin": {
        "bb.js": "dest/node/main.js"
      }
    },
    "node_modules/@noir-lang/acvm_js": {
      "version": "1.0.0-beta.2",
      "resolved": "https://registry.npmjs.org/@noir-lang/acvm_js/-/acvm_js-1.0.0-beta.2.tgz",
      "integrity": "sha512-vZYidnNS0MGRddggrq73Te0MiOb7j7ehZwM5L0dbxGwG6RqUNU+RDjG/TE7VUHOOFkZGY20lQqjHY1mj4pOH2A==",
      "license": "MIT",
      "peer": true
    },
    "node_modules/@noir-lang/noir_js": {
      "version": "1.0.0-beta.2",
      "resolved": "https://registry.npmjs.org/@noir-lang/noir_js/-/noir_js-1.0.0-beta.2.tgz",
      "integrity": "sha512-CiHnU5H1tUQHoKheHh93Ss7DJificdjXFUUfdasjMd8lsCMCPqY/oUoG4FZjWb7mWT8h0d/qcpGKMbs1VkBThQ==",
      "license": "(MIT OR Apache-2.0)",
      "peer": true,
      "dependencies": {
        "@noir-lang/acvm_js": "1.0.0-beta.2",
        "@noir-lang/noirc_abi": "1.0.0-beta.2",
        "@noir-lang/types": "1.0.0-beta.2"
      }
    },
    "node_modules/@noir-lang/noir_wasm": {
      "version": "1.0.0-beta.2",
      "resolved": "https://registry.npmjs.org/@noir-lang/noir_wasm/-/noir_wasm-1.0.0-beta.2.tgz",
      "integrity": "sha512-B6zn1mgKBIDZE4nGvl6sOgErg7VsZOjP2D4FPHlHj4QF7h7ZbaISJ3+NM38FolaRkGEm2sSmSonaqKum0DchRA==",
      "license": "(MIT OR Apache-2.0)",
      "peer": true,
      "dependencies": {
        "@noir-lang/types": "1.0.0-beta.2",
        "pako": "^2.1.0"
      }
    },
    "node_modules/@noir-lang/noirc_abi": {
      "version": "1.0.0-beta.2",
      "resolved": "https://registry.npmjs.org/@noir-lang/noirc_abi/-/noirc_abi-1.0.0-beta.2.tgz",
      "integrity": "sha512-8/Pc6C0IY4F3UCsubs96G4Nwalzo49TVW+2jej7uNaEJB7LCqbOk5G641XGcCV2McS7n7WbLt1eN3cKJrxUWrA==",
      "license": "(MIT OR Apache-2.0)",
      "peer": true,
      "dependencies": {
        "@noir-lang/types": "1.0.0-beta.2"
      }
    },
    "node_modules/@noir-lang/types": {
      "version": "1.0.0-beta.2",
      "resolved": "https://registry.npmjs.org/@noir-lang/types/-/types-1.0.0-beta.2.tgz",
      "integrity": "sha512-0CosvfeAhwjmEt5cwJtEbju+8itRpmOUOmyt6TUo6JcRxaR8d4A+7j0sOgGxs2KVqWnMi1akJdGodAu0e4H+1A==",
      "license": "(MIT OR Apache-2.0)",
      "peer": true
    },
    "node_modules/@types/bn.js": {
      "version": "5.2.0",
      "resolved": "https://registry.npmjs.org/@types/bn.js/-/bn.js-5.2.0.tgz",
      "integrity": "sha512-DLbJ1BPqxvQhIGbeu8VbUC1DiAiahHtAYvA0ZEAa4P31F7IaArc8z3C3BRQdWX4mtLQuABG4yzp76ZrS02Ui1Q==",
      "dev": true,
      "license": "MIT",
      "dependencies": {
        "@types/node": "*"
      }
    },
    "node_modules/@types/crypto-js": {
      "version": "4.2.2",
      "resolved": "https://registry.npmjs.org/@types/crypto-js/-/crypto-js-4.2.2.tgz",
      "integrity": "sha512-sDOLlVbHhXpAUAL0YHDUUwDZf3iN4Bwi4W6a0W0b+QcAezUbRtH4FVb+9J4h+XFPW7l/gQ9F8qC7P+Ec4k8QVQ==",
      "dev": true,
      "license": "MIT"
    },
    "node_modules/@types/elliptic": {
      "version": "6.4.18",
      "resolved": "https://registry.npmjs.org/@types/elliptic/-/elliptic-6.4.18.tgz",
      "integrity": "sha512-UseG6H5vjRiNpQvrhy4VF/JXdA3V/Fp5amvveaL+fs28BZ6xIKJBPnUPRlEaZpysD9MbpfaLi8lbl7PGUAkpWw==",
      "dev": true,
      "license": "MIT",
      "dependencies": {
        "@types/bn.js": "*"
      }
    },
    "node_modules/@types/node": {
      "version": "24.3.0",
      "resolved": "https://registry.npmjs.org/@types/node/-/node-24.3.0.tgz",
      "integrity": "sha512-aPTXCrfwnDLj4VvXrm+UUCQjNEvJgNA8s5F1cvwQU+3KNltTOkBm1j30uNLyqqPNe7gE3KFzImYoZEfLhp4Yow==",
      "dev": true,
      "license": "MIT",
      "dependencies": {
        "undici-types": "~7.10.0"
      }
    },
    "node_modules/base64-js": {
      "version": "1.5.1",
      "resolved": "https://registry.npmjs.org/base64-js/-/base64-js-1.5.1.tgz",
      "integrity": "sha512-AKpaYlHn8t4SVbOHCy+b5+KKgvR4vrsD8vbvrbiQJps7fKDTkjkDry6ji0rUJjC0kzbNePLwzxq8iypo41qeWA==",
      "funding": [
        {
          "type": "github",
          "url": "https://github.com/sponsors/feross"
        },
        {
          "type": "patreon",
          "url": "https://www.patreon.com/feross"
        },
        {
          "type": "consulting",
          "url": "https://feross.org/support"
        }
      ],
      "license": "MIT"
    },
    "node_modules/bn.js": {
      "version": "4.12.2",
      "resolved": "https://registry.npmjs.org/bn.js/-/bn.js-4.12.2.tgz",
      "integrity": "sha512-n4DSx829VRTRByMRGdjQ9iqsN0Bh4OolPsFnaZBLcbi8iXcB+kJ9s7EnRt4wILZNV3kPLHkRVfOc/HvhC3ovDw==",
      "license": "MIT"
    },
    "node_modules/borsh": {
      "version": "2.0.0",
      "resolved": "https://registry.npmjs.org/borsh/-/borsh-2.0.0.tgz",
      "integrity": "sha512-kc9+BgR3zz9+cjbwM8ODoUB4fs3X3I5A/HtX7LZKxCLaMrEeDFoBpnhZY//DTS1VZBSs6S5v46RZRbZjRFspEg==",
      "license": "Apache-2.0"
    },
    "node_modules/borsher": {
      "version": "3.6.0",
      "resolved": "https://registry.npmjs.org/borsher/-/borsher-3.6.0.tgz",
      "integrity": "sha512-FMMQST0PdrhernqtxHGvq9wIgV6rJkJecfVs7VhL5jYCFFLsXGMn/VtY0s5zotkKHrrdS5Np/DoL2FTR4cdoqw==",
      "license": "MIT",
      "dependencies": {
        "borsh": "^2.0.0",
        "buffer": "^6.0.3"
      }
    },
    "node_modules/brorand": {
      "version": "1.1.0",
      "resolved": "https://registry.npmjs.org/brorand/-/brorand-1.1.0.tgz",
      "integrity": "sha512-cKV8tMCEpQs4hK/ik71d6LrPOnpkpGBR0wzxqr68g2m/LB2GxVYQroAjMJZRVM1Y4BCjCKc3vAamxSzOY2RP+w==",
      "license": "MIT"
    },
    "node_modules/buffer": {
      "version": "6.0.3",
      "resolved": "https://registry.npmjs.org/buffer/-/buffer-6.0.3.tgz",
      "integrity": "sha512-FTiCpNxtwiZZHEZbcbTIcZjERVICn9yq/pDFkTl95/AxzD1naBctN7YO68riM/gLSDY7sdrMby8hofADYuuqOA==",
      "funding": [
        {
          "type": "github",
          "url": "https://github.com/sponsors/feross"
        },
        {
          "type": "patreon",
          "url": "https://www.patreon.com/feross"
        },
        {
          "type": "consulting",
          "url": "https://feross.org/support"
        }
      ],
      "license": "MIT",
      "dependencies": {
        "base64-js": "^1.3.1",
        "ieee754": "^1.2.1"
      }
    },
    "node_modules/comlink": {
      "version": "4.4.2",
      "resolved": "https://registry.npmjs.org/comlink/-/comlink-4.4.2.tgz",
      "integrity": "sha512-OxGdvBmJuNKSCMO4NTl1L47VRp6xn2wG4F/2hYzB6tiCb709otOxtEYCSvK80PtjODfXXZu8ds+Nw5kVCjqd2g==",
      "license": "Apache-2.0",
      "peer": true
    },
    "node_modules/commander": {
      "version": "12.1.0",
      "resolved": "https://registry.npmjs.org/commander/-/commander-12.1.0.tgz",
      "integrity": "sha512-Vw8qHK3bZM9y/P10u3Vib8o/DdkvA2OtPtZvD871QKjy74Wj1WSKFILMPRPSdUSx5RFK1arlJzEtA4PkFgnbuA==",
      "license": "MIT",
      "peer": true,
      "engines": {
        "node": ">=18"
      }
    },
    "node_modules/crypto-js": {
      "version": "4.2.0",
      "resolved": "https://registry.npmjs.org/crypto-js/-/crypto-js-4.2.0.tgz",
      "integrity": "sha512-KALDyEYgpY+Rlob/iriUtjV6d5Eq+Y191A5g4UqLAi8CyGP9N1+FdVbkc1SxKc2r4YAYqG8JzO2KGL+AizD70Q==",
      "license": "MIT"
    },
    "node_modules/debug": {
      "version": "4.4.1",
      "resolved": "https://registry.npmjs.org/debug/-/debug-4.4.1.tgz",
      "integrity": "sha512-KcKCqiftBJcZr++7ykoDIEwSa3XWowTfNPo92BYxjXiyYEVrUQh2aLyhxBCwww+heortUFxEJYcRzosstTEBYQ==",
      "license": "MIT",
      "peer": true,
      "dependencies": {
        "ms": "^2.1.3"
      },
      "engines": {
        "node": ">=6.0"
      },
      "peerDependenciesMeta": {
        "supports-color": {
          "optional": true
        }
      }
    },
    "node_modules/elliptic": {
      "version": "6.6.1",
      "resolved": "https://registry.npmjs.org/elliptic/-/elliptic-6.6.1.tgz",
      "integrity": "sha512-RaddvvMatK2LJHqFJ+YA4WysVN5Ita9E35botqIYspQ4TkRAlCicdzKOjlyv/1Za5RyTNn7di//eEV0uTAfe3g==",
      "license": "MIT",
      "dependencies": {
        "bn.js": "^4.11.9",
        "brorand": "^1.1.0",
        "hash.js": "^1.0.0",
        "hmac-drbg": "^1.0.1",
        "inherits": "^2.0.4",
        "minimalistic-assert": "^1.0.1",
        "minimalistic-crypto-utils": "^1.0.1"
      }
    },
    "node_modules/fflate": {
      "version": "0.8.2",
      "resolved": "https://registry.npmjs.org/fflate/-/fflate-0.8.2.tgz",
      "integrity": "sha512-cPJU47OaAoCbg0pBvzsgpTPhmhqI5eJjh/JIu8tPj5q+T7iLvW/JAYUqmE7KOB4R1ZyEhzBaIQpQpardBF5z8A==",
      "license": "MIT",
      "peer": true
    },
    "node_modules/hash.js": {
      "version": "1.1.7",
      "resolved": "https://registry.npmjs.org/hash.js/-/hash.js-1.1.7.tgz",
      "integrity": "sha512-taOaskGt4z4SOANNseOviYDvjEJinIkRgmp7LbKP2YTTmVxWBl87s/uzK9r+44BclBSp2X7K1hqeNfz9JbBeXA==",
      "license": "MIT",
      "dependencies": {
        "inherits": "^2.0.3",
        "minimalistic-assert": "^1.0.1"
      }
    },
    "node_modules/hmac-drbg": {
      "version": "1.0.1",
      "resolved": "https://registry.npmjs.org/hmac-drbg/-/hmac-drbg-1.0.1.tgz",
      "integrity": "sha512-Tti3gMqLdZfhOQY1Mzf/AanLiqh1WTiJgEj26ZuYQ9fbkLomzGchCws4FyrSd4VkpBfiNhaE1On+lOz894jvXg==",
      "license": "MIT",
      "dependencies": {
        "hash.js": "^1.0.3",
        "minimalistic-assert": "^1.0.0",
        "minimalistic-crypto-utils": "^1.0.1"
      }
    },
    "node_modules/hyli": {
      "version": "0.4.0",
      "resolved": "https://registry.npmjs.org/hyli/-/hyli-0.4.0.tgz",
      "integrity": "sha512-EDQRGNvJyP+jRFCjoxalWAz+YAXImyI3aMIPIJf7Z/usWcWaXV6mcDR9ct8TesLnDeUIpSXAyP/3RDxBKgUrUA==",
      "license": "MIT",
      "dependencies": {
        "borsher": "^3.6.0"
      }
    },
    "node_modules/hyli-check-secret": {
      "version": "0.3.5",
      "resolved": "https://registry.npmjs.org/hyli-check-secret/-/hyli-check-secret-0.3.5.tgz",
      "integrity": "sha512-ZI4lpH8Ba28zAyFct03+lcBzwndgWyAFpuv4FpknYoIiMWOUzTpa5GeEbl1QtcPWtIC/icmvfpN7H55qNjHkaQ==",
      "license": "MIT",
      "dependencies": {
        "hyli": "^0.3.0"
      },
      "peerDependencies": {
        "@aztec/bb.js": "0.82.2",
        "@noir-lang/noir_js": "1.0.0-beta.2",
        "@noir-lang/noir_wasm": "1.0.0-beta.2"
      }
    },
    "node_modules/hyli-check-secret/node_modules/hyli": {
      "version": "0.3.0",
      "resolved": "https://registry.npmjs.org/hyli/-/hyli-0.3.0.tgz",
      "integrity": "sha512-0KHTLjDC1dtgmhemMk1xN4/aq/hYRWp8N7kgjp0MRnrWB4E0tQkDqWt8fBfpTUEkW/Ai4VIVF/0JIByacZ3NiA==",
      "license": "MIT",
      "dependencies": {
        "borsher": "^3.6.0"
      }
    },
    "node_modules/ieee754": {
      "version": "1.2.1",
      "resolved": "https://registry.npmjs.org/ieee754/-/ieee754-1.2.1.tgz",
      "integrity": "sha512-dcyqhDvX1C46lXZcVqCpK+FtMRQVdIMN6/Df5js2zouUsqG7I6sFxitIC+7KYK29KdXOLHdu9zL4sFnoVQnqaA==",
      "funding": [
        {
          "type": "github",
          "url": "https://github.com/sponsors/feross"
        },
        {
          "type": "patreon",
          "url": "https://www.patreon.com/feross"
        },
        {
          "type": "consulting",
          "url": "https://feross.org/support"
        }
      ],
      "license": "BSD-3-Clause"
    },
    "node_modules/inherits": {
      "version": "2.0.4",
      "resolved": "https://registry.npmjs.org/inherits/-/inherits-2.0.4.tgz",
      "integrity": "sha512-k/vGaX4/Yla3WzyMCvTQOXYeIHvqOKtnqBduzTHpzpQZzAskKMhZ2K+EnBiSM9zGSoIFeMpXKxa4dYeZIQqewQ==",
      "license": "ISC"
    },
    "node_modules/js-sha3": {
      "version": "0.9.3",
      "resolved": "https://registry.npmjs.org/js-sha3/-/js-sha3-0.9.3.tgz",
      "integrity": "sha512-BcJPCQeLg6WjEx3FE591wVAevlli8lxsxm9/FzV4HXkV49TmBH38Yvrpce6fjbADGMKFrBMGTqrVz3qPIZ88Gg==",
      "license": "MIT"
    },
    "node_modules/minimalistic-assert": {
      "version": "1.0.1",
      "resolved": "https://registry.npmjs.org/minimalistic-assert/-/minimalistic-assert-1.0.1.tgz",
      "integrity": "sha512-UtJcAD4yEaGtjPezWuO9wC4nwUnVH/8/Im3yEHQP4b67cXlD/Qr9hdITCU1xDbSEXg2XKNaP8jsReV7vQd00/A==",
      "license": "ISC"
    },
    "node_modules/minimalistic-crypto-utils": {
      "version": "1.0.1",
      "resolved": "https://registry.npmjs.org/minimalistic-crypto-utils/-/minimalistic-crypto-utils-1.0.1.tgz",
      "integrity": "sha512-JIYlbt6g8i5jKfJ3xz7rF0LXmv2TkDxBLUkiBeZ7bAx4GnnNMr8xFpGnOxn6GhTEHx3SjRrZEoU+j04prX1ktg==",
      "license": "MIT"
    },
    "node_modules/ms": {
      "version": "2.1.3",
      "resolved": "https://registry.npmjs.org/ms/-/ms-2.1.3.tgz",
      "integrity": "sha512-6FlzubTLZG3J2a/NVCAleEhjzq5oxgHyaCU9yYXvcLsvoVaHJq/s5xXI6/XXP6tz7R9xAOtHnSO/tXtF3WRTlA==",
      "license": "MIT",
      "peer": true
    },
    "node_modules/pako": {
      "version": "2.1.0",
      "resolved": "https://registry.npmjs.org/pako/-/pako-2.1.0.tgz",
      "integrity": "sha512-w+eufiZ1WuJYgPXbV/PO3NCMEc3xqylkKHzp8bxp1uW4qaSNQUkwmLLEc3kKsfz8lpV1F8Ht3U1Cm+9Srog2ug==",
      "license": "(MIT AND Zlib)",
      "peer": true
    },
    "node_modules/tslib": {
      "version": "2.8.1",
      "resolved": "https://registry.npmjs.org/tslib/-/tslib-2.8.1.tgz",
      "integrity": "sha512-oJFu94HQb+KVduSUQL7wnpmqnfmLsOA/nAh6b6EH0wCEoK0/mPeXU6c3wKDV83MkOuHPRHtSXKKU99IBazS/2w==",
      "license": "0BSD",
      "peer": true
    },
    "node_modules/undici-types": {
      "version": "7.10.0",
      "resolved": "https://registry.npmjs.org/undici-types/-/undici-types-7.10.0.tgz",
      "integrity": "sha512-t5Fy/nfn+14LuOc2KNYg75vZqClpAiqscVvMygNnlsHBFpSXdJaYtXMcdNLpl/Qvc3P2cB3s6lOV51nqsFq4ag==",
      "dev": true,
      "license": "MIT"
    }
  }
}
